{
  "name": "nodeprueba",
  "version": "1.0.0",
  "lockfileVersion": 2,
  "requires": true,
  "packages": {
    "": {
      "name": "nodeprueba",
      "version": "1.0.0",
      "license": "ISC",
      "dependencies": {
        "sign-bunny": "^1.0.0"
      }
    },
    "node_modules/sign-bunny": {
      "version": "1.0.0",
      "resolved": "https://registry.npmjs.org/sign-bunny/-/sign-bunny-1.0.0.tgz",
      "integrity": "sha512-S9t34linr//soWzyGOg4brMi0HC6a3LjmUbmoI730TMNEipf1gYjkgxwdMNO+82qG+Lc4bCVMTC6eIlLhQ7tXA==",
      "bin": {
        "sign-bunny": "bin/sign-bunny"
      },
      "engines": {
        "node": ">= 5.3.0"
      }
    }
  },
  "dependencies": {
    "sign-bunny": {
      "version": "1.0.0",
      "resolved": "https://registry.npmjs.org/sign-bunny/-/sign-bunny-1.0.0.tgz",
      "integrity": "sha512-S9t34linr//soWzyGOg4brMi0HC6a3LjmUbmoI730TMNEipf1gYjkgxwdMNO+82qG+Lc4bCVMTC6eIlLhQ7tXA=="
    }
  }
}
